
Microsoft Visual Studio Solution File, Format Version 12.00
# Visual Studio Version 17
VisualStudioVersion = 17.5.33530.505
MinimumVisualStudioVersion = 10.0.40219.1
Project("{2150E333-8FDC-42A3-9474-1A3956D46DE8}") = "Domain", "Domain", "{EB8CE96B-15FE-4299-91C5-4FF0E8FCCE0A}"
EndProject
Project("{2150E333-8FDC-42A3-9474-1A3956D46DE8}") = "Platform", "Platform", "{EBB13C36-E527-4050-8681-17B22A57402F}"
EndProject
Project("{2150E333-8FDC-42A3-9474-1A3956D46DE8}") = "Model", "Model", "{FAFFC467-0405-459C-B14F-F14F5A81B1E6}"
EndProject
Project("{2150E333-8FDC-42A3-9474-1A3956D46DE8}") = "Tests", "Tests", "{1C479FF5-2B19-4F1B-96D9-0D9954FB9517}"
EndProject
Project("{9A19103F-16F7-4668-BE54-9A1E7A4F7556}") = "Selenium.Automation.Domain", "Domain\Selenium.Automation.Domain\Selenium.Automation.Domain.csproj", "{95B6DDB9-643E-4056-AD02-18AC84F93D5E}"
EndProject
Project("{9A19103F-16F7-4668-BE54-9A1E7A4F7556}") = "Selenium.Automation.UI", "Tests\Selenium.Automation.UI\Selenium.Automation.UI.csproj", "{F2EB70AE-7F57-40A2-89E5-2627C11249E9}"
EndProject
Project("{9A19103F-16F7-4668-BE54-9A1E7A4F7556}") = "Selenium.Automation.TestsData", "Tests\Selenium.Automation.TestsData\Selenium.Automation.TestsData.csproj", "{D209EE7F-7069-4C65-A176-1BD0A845DB4A}"
EndProject
Project("{9A19103F-16F7-4668-BE54-9A1E7A4F7556}") = "Selenium.Automation.Tests.Bootstrap", "Tests\Selenium.Automation.Tests.Bootstrap\Selenium.Automation.Tests.Bootstrap.csproj", "{BFA92A7A-953B-4356-BF6F-B806B82401E6}"
EndProject
Project("{9A19103F-16F7-4668-BE54-9A1E7A4F7556}") = "Selenium.Automation.Tests", "Tests\Selenium.Automation.Tests\Selenium.Automation.Tests.csproj", "{F872B5E7-C200-4B10-B43C-87FF4053E6ED}"
EndProject
Project("{9A19103F-16F7-4668-BE54-9A1E7A4F7556}") = "Selenium.Automation.Platform", "Platform\Selenium.Automation.Platform\Selenium.Automation.Platform.csproj", "{AEFC8A62-CAED-4720-BE90-DDB4D2DE2F90}"
EndProject
Project("{9A19103F-16F7-4668-BE54-9A1E7A4F7556}") = "Selenium.Automation.Model.Domain", "Model\Selenium.Automation.Model.Domain\Selenium.Automation.Model.Domain.csproj", "{A54CBC6A-E3C2-49AC-B0C2-0835BBE81875}"
EndProject
Project("{9A19103F-16F7-4668-BE54-9A1E7A4F7556}") = "Selenium.Automation.Model.Platform", "Model\Selenium.Automation.Model.Platform\Selenium.Automation.Model.Platform.csproj", "{0DD610A6-FA63-4A54-830A-B380A8B95D4B}"
EndProject
Project("{2150E333-8FDC-42A3-9474-1A3956D46DE8}") = "Sandbox", "Sandbox", "{620BFAA6-ED47-4FB3-AC01-42EFF53B8FEF}"
EndProject
Project("{9A19103F-16F7-4668-BE54-9A1E7A4F7556}") = "CSharp.Tutorials", "Sandbox\CSharp.Tutorials\CSharp.Tutorials.csproj", "{2C67B960-B92A-4DDF-8828-E4E874D4E783}"
EndProject
Project("{9A19103F-16F7-4668-BE54-9A1E7A4F7556}") = "CSharp.Tutorials.OOP", "Sandbox\CSharp.Tutorials.OOP\CSharp.Tutorials.OOP.csproj", "{2B7A0FF0-4AD3-4F4B-909D-227DE4838A7B}"
EndProject
Project("{9A19103F-16F7-4668-BE54-9A1E7A4F7556}") = "RestSharp.Automation.Bootstrap", "Tests\Backend\RestSharp.Automation.Bootstrap\RestSharp.Automation.Bootstrap.csproj", "{3FE413A2-735D-4506-BBBB-8C4A05324306}"
EndProject
Project("{2150E333-8FDC-42A3-9474-1A3956D46DE8}") = "Backend", "Backend", "{4C6E627E-84F7-4658-AE1D-9723CA6912CD}"
EndProject
Project("{9A19103F-16F7-4668-BE54-9A1E7A4F7556}") = "RestSharp.Automation.TestData", "Tests\Backend\RestSharp.Automation.TestData\RestSharp.Automation.TestData.csproj", "{6183DC2A-A3A9-4AB8-A62B-702352DE31EE}"
EndProject
Project("{9A19103F-16F7-4668-BE54-9A1E7A4F7556}") = "RestSharp.Automation.Tests", "Tests\Backend\RestSharp.Automation.Tests\RestSharp.Automation.Tests.csproj", "{EFE2B1C7-2A66-40D7-A1D1-D2CA66413C06}"
EndProject
Project("{9A19103F-16F7-4668-BE54-9A1E7A4F7556}") = "RestSharp.Automation.Platform", "Platform\RestSharp.Automation.Platform\RestSharp.Automation.Platform.csproj", "{CB5D9216-D621-4B03-886B-F5F4AD626E38}"
EndProject
Project("{9A19103F-16F7-4668-BE54-9A1E7A4F7556}") = "Automation.Common", "Platform\Automation.Common\Automation.Common.csproj", "{94D21020-B195-4570-A883-38A3A306136C}"
EndProject
Project("{9A19103F-16F7-4668-BE54-9A1E7A4F7556}") = "RestSharp.Automation.Model.Domain", "Model\RestSharp.Automation.Model.Domain\RestSharp.Automation.Model.Domain.csproj", "{C3F935F1-F8A0-4727-B389-1FB8205B5DDA}"
EndProject
Project("{9A19103F-16F7-4668-BE54-9A1E7A4F7556}") = "RestSharp.Automation.Model.Platform", "Model\RestSharp.Automation.Model.Platform\RestSharp.Automation.Model.Platform.csproj", "{94992861-68A0-4312-B694-120213EF5830}"
EndProject
Project("{9A19103F-16F7-4668-BE54-9A1E7A4F7556}") = "RestSharp.Automation.Domain", "Domain\RestSharp.Automation.Domain\RestSharp.Automation.Domain.csproj", "{5E0CB248-75C4-43DC-BB1B-53E24CAB69F6}"
EndProject
Global
	GlobalSection(SolutionConfigurationPlatforms) = preSolution
		Debug|Any CPU = Debug|Any CPU
		Release|Any CPU = Release|Any CPU
	EndGlobalSection
	GlobalSection(ProjectConfigurationPlatforms) = postSolution
		{95B6DDB9-643E-4056-AD02-18AC84F93D5E}.Debug|Any CPU.ActiveCfg = Debug|Any CPU
		{95B6DDB9-643E-4056-AD02-18AC84F93D5E}.Debug|Any CPU.Build.0 = Debug|Any CPU
		{95B6DDB9-643E-4056-AD02-18AC84F93D5E}.Release|Any CPU.ActiveCfg = Release|Any CPU
		{95B6DDB9-643E-4056-AD02-18AC84F93D5E}.Release|Any CPU.Build.0 = Release|Any CPU
		{F2EB70AE-7F57-40A2-89E5-2627C11249E9}.Debug|Any CPU.ActiveCfg = Debug|Any CPU
		{F2EB70AE-7F57-40A2-89E5-2627C11249E9}.Debug|Any CPU.Build.0 = Debug|Any CPU
		{F2EB70AE-7F57-40A2-89E5-2627C11249E9}.Release|Any CPU.ActiveCfg = Release|Any CPU
		{F2EB70AE-7F57-40A2-89E5-2627C11249E9}.Release|Any CPU.Build.0 = Release|Any CPU
		{D209EE7F-7069-4C65-A176-1BD0A845DB4A}.Debug|Any CPU.ActiveCfg = Debug|Any CPU
		{D209EE7F-7069-4C65-A176-1BD0A845DB4A}.Debug|Any CPU.Build.0 = Debug|Any CPU
		{D209EE7F-7069-4C65-A176-1BD0A845DB4A}.Release|Any CPU.ActiveCfg = Release|Any CPU
		{D209EE7F-7069-4C65-A176-1BD0A845DB4A}.Release|Any CPU.Build.0 = Release|Any CPU
		{BFA92A7A-953B-4356-BF6F-B806B82401E6}.Debug|Any CPU.ActiveCfg = Debug|Any CPU
		{BFA92A7A-953B-4356-BF6F-B806B82401E6}.Debug|Any CPU.Build.0 = Debug|Any CPU
		{BFA92A7A-953B-4356-BF6F-B806B82401E6}.Release|Any CPU.ActiveCfg = Release|Any CPU
		{BFA92A7A-953B-4356-BF6F-B806B82401E6}.Release|Any CPU.Build.0 = Release|Any CPU
		{F872B5E7-C200-4B10-B43C-87FF4053E6ED}.Debug|Any CPU.ActiveCfg = Debug|Any CPU
		{F872B5E7-C200-4B10-B43C-87FF4053E6ED}.Debug|Any CPU.Build.0 = Debug|Any CPU
		{F872B5E7-C200-4B10-B43C-87FF4053E6ED}.Release|Any CPU.ActiveCfg = Release|Any CPU
		{F872B5E7-C200-4B10-B43C-87FF4053E6ED}.Release|Any CPU.Build.0 = Release|Any CPU
		{AEFC8A62-CAED-4720-BE90-DDB4D2DE2F90}.Debug|Any CPU.ActiveCfg = Debug|Any CPU
		{AEFC8A62-CAED-4720-BE90-DDB4D2DE2F90}.Debug|Any CPU.Build.0 = Debug|Any CPU
		{AEFC8A62-CAED-4720-BE90-DDB4D2DE2F90}.Release|Any CPU.ActiveCfg = Release|Any CPU
		{AEFC8A62-CAED-4720-BE90-DDB4D2DE2F90}.Release|Any CPU.Build.0 = Release|Any CPU
		{A54CBC6A-E3C2-49AC-B0C2-0835BBE81875}.Debug|Any CPU.ActiveCfg = Debug|Any CPU
		{A54CBC6A-E3C2-49AC-B0C2-0835BBE81875}.Debug|Any CPU.Build.0 = Debug|Any CPU
		{A54CBC6A-E3C2-49AC-B0C2-0835BBE81875}.Release|Any CPU.ActiveCfg = Release|Any CPU
		{A54CBC6A-E3C2-49AC-B0C2-0835BBE81875}.Release|Any CPU.Build.0 = Release|Any CPU
		{0DD610A6-FA63-4A54-830A-B380A8B95D4B}.Debug|Any CPU.ActiveCfg = Debug|Any CPU
		{0DD610A6-FA63-4A54-830A-B380A8B95D4B}.Debug|Any CPU.Build.0 = Debug|Any CPU
		{0DD610A6-FA63-4A54-830A-B380A8B95D4B}.Release|Any CPU.ActiveCfg = Release|Any CPU
		{0DD610A6-FA63-4A54-830A-B380A8B95D4B}.Release|Any CPU.Build.0 = Release|Any CPU
		{2C67B960-B92A-4DDF-8828-E4E874D4E783}.Debug|Any CPU.ActiveCfg = Debug|Any CPU
		{2C67B960-B92A-4DDF-8828-E4E874D4E783}.Debug|Any CPU.Build.0 = Debug|Any CPU
		{2C67B960-B92A-4DDF-8828-E4E874D4E783}.Release|Any CPU.ActiveCfg = Release|Any CPU
		{2C67B960-B92A-4DDF-8828-E4E874D4E783}.Release|Any CPU.Build.0 = Release|Any CPU
		{2B7A0FF0-4AD3-4F4B-909D-227DE4838A7B}.Debug|Any CPU.ActiveCfg = Debug|Any CPU
		{2B7A0FF0-4AD3-4F4B-909D-227DE4838A7B}.Debug|Any CPU.Build.0 = Debug|Any CPU
		{2B7A0FF0-4AD3-4F4B-909D-227DE4838A7B}.Release|Any CPU.ActiveCfg = Release|Any CPU
		{2B7A0FF0-4AD3-4F4B-909D-227DE4838A7B}.Release|Any CPU.Build.0 = Release|Any CPU
		{3FE413A2-735D-4506-BBBB-8C4A05324306}.Debug|Any CPU.ActiveCfg = Debug|Any CPU
		{3FE413A2-735D-4506-BBBB-8C4A05324306}.Debug|Any CPU.Build.0 = Debug|Any CPU
		{3FE413A2-735D-4506-BBBB-8C4A05324306}.Release|Any CPU.ActiveCfg = Release|Any CPU
		{3FE413A2-735D-4506-BBBB-8C4A05324306}.Release|Any CPU.Build.0 = Release|Any CPU
		{6183DC2A-A3A9-4AB8-A62B-702352DE31EE}.Debug|Any CPU.ActiveCfg = Debug|Any CPU
		{6183DC2A-A3A9-4AB8-A62B-702352DE31EE}.Debug|Any CPU.Build.0 = Debug|Any CPU
		{6183DC2A-A3A9-4AB8-A62B-702352DE31EE}.Release|Any CPU.ActiveCfg = Release|Any CPU
		{6183DC2A-A3A9-4AB8-A62B-702352DE31EE}.Release|Any CPU.Build.0 = Release|Any CPU
		{EFE2B1C7-2A66-40D7-A1D1-D2CA66413C06}.Debug|Any CPU.ActiveCfg = Debug|Any CPU
		{EFE2B1C7-2A66-40D7-A1D1-D2CA66413C06}.Debug|Any CPU.Build.0 = Debug|Any CPU
		{EFE2B1C7-2A66-40D7-A1D1-D2CA66413C06}.Release|Any CPU.ActiveCfg = Release|Any CPU
		{EFE2B1C7-2A66-40D7-A1D1-D2CA66413C06}.Release|Any CPU.Build.0 = Release|Any CPU
		{CB5D9216-D621-4B03-886B-F5F4AD626E38}.Debug|Any CPU.ActiveCfg = Debug|Any CPU
		{CB5D9216-D621-4B03-886B-F5F4AD626E38}.Debug|Any CPU.Build.0 = Debug|Any CPU
		{CB5D9216-D621-4B03-886B-F5F4AD626E38}.Release|Any CPU.ActiveCfg = Release|Any CPU
		{CB5D9216-D621-4B03-886B-F5F4AD626E38}.Release|Any CPU.Build.0 = Release|Any CPU
		{94D21020-B195-4570-A883-38A3A306136C}.Debug|Any CPU.ActiveCfg = Debug|Any CPU
		{94D21020-B195-4570-A883-38A3A306136C}.Debug|Any CPU.Build.0 = Debug|Any CPU
		{94D21020-B195-4570-A883-38A3A306136C}.Release|Any CPU.ActiveCfg = Release|Any CPU
		{94D21020-B195-4570-A883-38A3A306136C}.Release|Any CPU.Build.0 = Release|Any CPU
		{C3F935F1-F8A0-4727-B389-1FB8205B5DDA}.Debug|Any CPU.ActiveCfg = Debug|Any CPU
		{C3F935F1-F8A0-4727-B389-1FB8205B5DDA}.Debug|Any CPU.Build.0 = Debug|Any CPU
		{C3F935F1-F8A0-4727-B389-1FB8205B5DDA}.Release|Any CPU.ActiveCfg = Release|Any CPU
		{C3F935F1-F8A0-4727-B389-1FB8205B5DDA}.Release|Any CPU.Build.0 = Release|Any CPU
		{94992861-68A0-4312-B694-120213EF5830}.Debug|Any CPU.ActiveCfg = Debug|Any CPU
		{94992861-68A0-4312-B694-120213EF5830}.Debug|Any CPU.Build.0 = Debug|Any CPU
		{94992861-68A0-4312-B694-120213EF5830}.Release|Any CPU.ActiveCfg = Release|Any CPU
		{94992861-68A0-4312-B694-120213EF5830}.Release|Any CPU.Build.0 = Release|Any CPU
		{5E0CB248-75C4-43DC-BB1B-53E24CAB69F6}.Debug|Any CPU.ActiveCfg = Debug|Any CPU
		{5E0CB248-75C4-43DC-BB1B-53E24CAB69F6}.Debug|Any CPU.Build.0 = Debug|Any CPU
		{5E0CB248-75C4-43DC-BB1B-53E24CAB69F6}.Release|Any CPU.ActiveCfg = Release|Any CPU
		{5E0CB248-75C4-43DC-BB1B-53E24CAB69F6}.Release|Any CPU.Build.0 = Release|Any CPU
	EndGlobalSection
	GlobalSection(SolutionProperties) = preSolution
		HideSolutionNode = FALSE
	EndGlobalSection
	GlobalSection(NestedProjects) = preSolution
		{95B6DDB9-643E-4056-AD02-18AC84F93D5E} = {EB8CE96B-15FE-4299-91C5-4FF0E8FCCE0A}
		{F2EB70AE-7F57-40A2-89E5-2627C11249E9} = {1C479FF5-2B19-4F1B-96D9-0D9954FB9517}
		{D209EE7F-7069-4C65-A176-1BD0A845DB4A} = {1C479FF5-2B19-4F1B-96D9-0D9954FB9517}
		{BFA92A7A-953B-4356-BF6F-B806B82401E6} = {1C479FF5-2B19-4F1B-96D9-0D9954FB9517}
		{F872B5E7-C200-4B10-B43C-87FF4053E6ED} = {1C479FF5-2B19-4F1B-96D9-0D9954FB9517}
		{AEFC8A62-CAED-4720-BE90-DDB4D2DE2F90} = {EBB13C36-E527-4050-8681-17B22A57402F}
		{A54CBC6A-E3C2-49AC-B0C2-0835BBE81875} = {FAFFC467-0405-459C-B14F-F14F5A81B1E6}
		{0DD610A6-FA63-4A54-830A-B380A8B95D4B} = {FAFFC467-0405-459C-B14F-F14F5A81B1E6}
		{2C67B960-B92A-4DDF-8828-E4E874D4E783} = {620BFAA6-ED47-4FB3-AC01-42EFF53B8FEF}
		{2B7A0FF0-4AD3-4F4B-909D-227DE4838A7B} = {620BFAA6-ED47-4FB3-AC01-42EFF53B8FEF}
		{3FE413A2-735D-4506-BBBB-8C4A05324306} = {4C6E627E-84F7-4658-AE1D-9723CA6912CD}
		{4C6E627E-84F7-4658-AE1D-9723CA6912CD} = {1C479FF5-2B19-4F1B-96D9-0D9954FB9517}
		{6183DC2A-A3A9-4AB8-A62B-702352DE31EE} = {4C6E627E-84F7-4658-AE1D-9723CA6912CD}
		{EFE2B1C7-2A66-40D7-A1D1-D2CA66413C06} = {4C6E627E-84F7-4658-AE1D-9723CA6912CD}
		{CB5D9216-D621-4B03-886B-F5F4AD626E38} = {EBB13C36-E527-4050-8681-17B22A57402F}
		{94D21020-B195-4570-A883-38A3A306136C} = {EBB13C36-E527-4050-8681-17B22A57402F}
		{C3F935F1-F8A0-4727-B389-1FB8205B5DDA} = {FAFFC467-0405-459C-B14F-F14F5A81B1E6}
		{94992861-68A0-4312-B694-120213EF5830} = {FAFFC467-0405-459C-B14F-F14F5A81B1E6}
		{5E0CB248-75C4-43DC-BB1B-53E24CAB69F6} = {EB8CE96B-15FE-4299-91C5-4FF0E8FCCE0A}
	EndGlobalSection
	GlobalSection(ExtensibilityGlobals) = postSolution
		SolutionGuid = {C0B052B4-533B-4F86-91FC-64A57FFEAE03}
	EndGlobalSection
EndGlobal
